
Microsoft Visual Studio Solution File, Format Version 12.00
# Visual Studio Version 17
VisualStudioVersion = 17.2.32630.192
MinimumVisualStudioVersion = 10.0.40219.1
Project("{2150E333-8FDC-42A3-9474-1A3956D46DE8}") = "Core", "Core", "{679C4817-4C55-4253-83AD-AA7E74DA8155}"
EndProject
Project("{2150E333-8FDC-42A3-9474-1A3956D46DE8}") = "Services", "Services", "{25185CEB-3E60-46AF-BCEB-96219BA8F5D5}"
EndProject
Project("{9A19103F-16F7-4668-BE54-9A1E7A4F7556}") = "BookingAppDio.Bus", "src\core\BookingAppDio.Bus\BookingAppDio.Bus.csproj", "{D7CBA95F-4CF2-44E0-B0EE-C29AA2A27A3E}"
EndProject
Project("{9A19103F-16F7-4668-BE54-9A1E7A4F7556}") = "BookingAppDio.Core", "src\core\BookingAppDio.Core\BookingAppDio.Core.csproj", "{829C1AA7-E5E8-4667-B71A-DD3CCE278486}"
EndProject
Project("{2150E333-8FDC-42A3-9474-1A3956D46DE8}") = "Booking", "Booking", "{9195FC17-0DA4-4F2F-A7E8-D46634857346}"
EndProject
Project("{2150E333-8FDC-42A3-9474-1A3956D46DE8}") = "Email", "Email", "{B85BD6B7-1E12-4D95-AD8A-CA9D9AFA39DE}"
EndProject
Project("{2150E333-8FDC-42A3-9474-1A3956D46DE8}") = "Flight", "Flight", "{86C2965A-6A66-4D6C-B4C3-64EB39DD65A5}"
EndProject
Project("{2150E333-8FDC-42A3-9474-1A3956D46DE8}") = "Identity", "Identity", "{18D71D0B-C7CC-4690-96DC-D0DD7E24DAA4}"
EndProject
Project("{2150E333-8FDC-42A3-9474-1A3956D46DE8}") = "Passenger", "Passenger", "{602CB399-12E7-4DD2-ADB2-A8BFF6B541A4}"
EndProject
Project("{9A19103F-16F7-4668-BE54-9A1E7A4F7556}") = "BookingAppDio.Booking.Domain", "src\services\booking\BookingAppDio.Booking.Domain\BookingAppDio.Booking.Domain.csproj", "{F249267D-F9EA-4B74-94AF-DCD61F6933E9}"
EndProject
Project("{9A19103F-16F7-4668-BE54-9A1E7A4F7556}") = "BookingAppDio.Booking.Infra", "src\services\booking\BookingAppDio.Booking.Infra\BookingAppDio.Booking.Infra.csproj", "{B434DF7A-62C5-4AC7-A07F-7C782236F35A}"
	ProjectSection(ProjectDependencies) = postProject
		{829C1AA7-E5E8-4667-B71A-DD3CCE278486} = {829C1AA7-E5E8-4667-B71A-DD3CCE278486}
	EndProjectSection
EndProject
Project("{9A19103F-16F7-4668-BE54-9A1E7A4F7556}") = "BookingAppDio.Identity", "src\services\identity\BookingAppDio.Identity\BookingAppDio.Identity.csproj", "{E8153A70-BE0A-4B5A-A1A2-D12A331971F4}"
EndProject
Project("{9A19103F-16F7-4668-BE54-9A1E7A4F7556}") = "BookingAppDio.Passenger", "src\services\passenger\BookingAppDio.Passenger\BookingAppDio.Passenger.csproj", "{ED4C8404-2905-446F-926E-796A797F5985}"
EndProject
Project("{9A19103F-16F7-4668-BE54-9A1E7A4F7556}") = "BookingAppDio.Email", "src\services\email\BookingAppDio.Email\BookingAppDio.Email.csproj", "{69159DF6-710B-47DD-ACDC-F22FCB82C28D}"
EndProject
Project("{9A19103F-16F7-4668-BE54-9A1E7A4F7556}") = "BookingAppDio.Boking.API", "src\services\booking\BookingAppDio.Boking.API\BookingAppDio.Boking.API.csproj", "{34ADD16D-E5E6-4416-8688-45606685E209}"
EndProject
Project("{9A19103F-16F7-4668-BE54-9A1E7A4F7556}") = "BookingAppDio.Flight.API", "src\services\flight\BookingAppDio.Flight.API\BookingAppDio.Flight.API.csproj", "{668D4504-69CF-4844-A44C-F71F2D6C4499}"
EndProject
Project("{9A19103F-16F7-4668-BE54-9A1E7A4F7556}") = "BookingAppDio.Flight.Domain", "src\services\flight\BookingAppDio.Flight.Domain\BookingAppDio.Flight.Domain.csproj", "{F868DEFF-5A18-42DA-BAD6-FA0256C9231F}"
EndProject
Project("{9A19103F-16F7-4668-BE54-9A1E7A4F7556}") = "BookingAppDio.Flight.Infra", "src\services\flight\BookingAppDio.Flight.Infra\BookingAppDio.Flight.Infra.csproj", "{F0304DED-C082-485D-BA79-71DCEB211496}"
EndProject
Global
	GlobalSection(SolutionConfigurationPlatforms) = preSolution
		Debug|Any CPU = Debug|Any CPU
		Release|Any CPU = Release|Any CPU
	EndGlobalSection
	GlobalSection(ProjectConfigurationPlatforms) = postSolution
		{D7CBA95F-4CF2-44E0-B0EE-C29AA2A27A3E}.Debug|Any CPU.ActiveCfg = Debug|Any CPU
		{D7CBA95F-4CF2-44E0-B0EE-C29AA2A27A3E}.Debug|Any CPU.Build.0 = Debug|Any CPU
		{D7CBA95F-4CF2-44E0-B0EE-C29AA2A27A3E}.Release|Any CPU.ActiveCfg = Release|Any CPU
		{D7CBA95F-4CF2-44E0-B0EE-C29AA2A27A3E}.Release|Any CPU.Build.0 = Release|Any CPU
		{829C1AA7-E5E8-4667-B71A-DD3CCE278486}.Debug|Any CPU.ActiveCfg = Debug|Any CPU
		{829C1AA7-E5E8-4667-B71A-DD3CCE278486}.Debug|Any CPU.Build.0 = Debug|Any CPU
		{829C1AA7-E5E8-4667-B71A-DD3CCE278486}.Release|Any CPU.ActiveCfg = Release|Any CPU
		{829C1AA7-E5E8-4667-B71A-DD3CCE278486}.Release|Any CPU.Build.0 = Release|Any CPU
		{F249267D-F9EA-4B74-94AF-DCD61F6933E9}.Debug|Any CPU.ActiveCfg = Debug|Any CPU
		{F249267D-F9EA-4B74-94AF-DCD61F6933E9}.Debug|Any CPU.Build.0 = Debug|Any CPU
		{F249267D-F9EA-4B74-94AF-DCD61F6933E9}.Release|Any CPU.ActiveCfg = Release|Any CPU
		{F249267D-F9EA-4B74-94AF-DCD61F6933E9}.Release|Any CPU.Build.0 = Release|Any CPU
		{B434DF7A-62C5-4AC7-A07F-7C782236F35A}.Debug|Any CPU.ActiveCfg = Debug|Any CPU
		{B434DF7A-62C5-4AC7-A07F-7C782236F35A}.Debug|Any CPU.Build.0 = Debug|Any CPU
		{B434DF7A-62C5-4AC7-A07F-7C782236F35A}.Release|Any CPU.ActiveCfg = Release|Any CPU
		{B434DF7A-62C5-4AC7-A07F-7C782236F35A}.Release|Any CPU.Build.0 = Release|Any CPU
		{E8153A70-BE0A-4B5A-A1A2-D12A331971F4}.Debug|Any CPU.ActiveCfg = Debug|Any CPU
		{E8153A70-BE0A-4B5A-A1A2-D12A331971F4}.Debug|Any CPU.Build.0 = Debug|Any CPU
		{E8153A70-BE0A-4B5A-A1A2-D12A331971F4}.Release|Any CPU.ActiveCfg = Release|Any CPU
		{E8153A70-BE0A-4B5A-A1A2-D12A331971F4}.Release|Any CPU.Build.0 = Release|Any CPU
		{ED4C8404-2905-446F-926E-796A797F5985}.Debug|Any CPU.ActiveCfg = Debug|Any CPU
		{ED4C8404-2905-446F-926E-796A797F5985}.Debug|Any CPU.Build.0 = Debug|Any CPU
		{ED4C8404-2905-446F-926E-796A797F5985}.Release|Any CPU.ActiveCfg = Release|Any CPU
		{ED4C8404-2905-446F-926E-796A797F5985}.Release|Any CPU.Build.0 = Release|Any CPU
		{69159DF6-710B-47DD-ACDC-F22FCB82C28D}.Debug|Any CPU.ActiveCfg = Debug|Any CPU
		{69159DF6-710B-47DD-ACDC-F22FCB82C28D}.Debug|Any CPU.Build.0 = Debug|Any CPU
		{69159DF6-710B-47DD-ACDC-F22FCB82C28D}.Release|Any CPU.ActiveCfg = Release|Any CPU
		{69159DF6-710B-47DD-ACDC-F22FCB82C28D}.Release|Any CPU.Build.0 = Release|Any CPU
		{34ADD16D-E5E6-4416-8688-45606685E209}.Debug|Any CPU.ActiveCfg = Debug|Any CPU
		{34ADD16D-E5E6-4416-8688-45606685E209}.Debug|Any CPU.Build.0 = Debug|Any CPU
		{34ADD16D-E5E6-4416-8688-45606685E209}.Release|Any CPU.ActiveCfg = Release|Any CPU
		{34ADD16D-E5E6-4416-8688-45606685E209}.Release|Any CPU.Build.0 = Release|Any CPU
		{668D4504-69CF-4844-A44C-F71F2D6C4499}.Debug|Any CPU.ActiveCfg = Debug|Any CPU
		{668D4504-69CF-4844-A44C-F71F2D6C4499}.Debug|Any CPU.Build.0 = Debug|Any CPU
		{668D4504-69CF-4844-A44C-F71F2D6C4499}.Release|Any CPU.ActiveCfg = Release|Any CPU
		{668D4504-69CF-4844-A44C-F71F2D6C4499}.Release|Any CPU.Build.0 = Release|Any CPU
		{F868DEFF-5A18-42DA-BAD6-FA0256C9231F}.Debug|Any CPU.ActiveCfg = Debug|Any CPU
		{F868DEFF-5A18-42DA-BAD6-FA0256C9231F}.Debug|Any CPU.Build.0 = Debug|Any CPU
		{F868DEFF-5A18-42DA-BAD6-FA0256C9231F}.Release|Any CPU.ActiveCfg = Release|Any CPU
		{F868DEFF-5A18-42DA-BAD6-FA0256C9231F}.Release|Any CPU.Build.0 = Release|Any CPU
		{F0304DED-C082-485D-BA79-71DCEB211496}.Debug|Any CPU.ActiveCfg = Debug|Any CPU
		{F0304DED-C082-485D-BA79-71DCEB211496}.Debug|Any CPU.Build.0 = Debug|Any CPU
		{F0304DED-C082-485D-BA79-71DCEB211496}.Release|Any CPU.ActiveCfg = Release|Any CPU
		{F0304DED-C082-485D-BA79-71DCEB211496}.Release|Any CPU.Build.0 = Release|Any CPU
	EndGlobalSection
	GlobalSection(SolutionProperties) = preSolution
		HideSolutionNode = FALSE
	EndGlobalSection
	GlobalSection(NestedProjects) = preSolution
		{D7CBA95F-4CF2-44E0-B0EE-C29AA2A27A3E} = {679C4817-4C55-4253-83AD-AA7E74DA8155}
		{829C1AA7-E5E8-4667-B71A-DD3CCE278486} = {679C4817-4C55-4253-83AD-AA7E74DA8155}
		{9195FC17-0DA4-4F2F-A7E8-D46634857346} = {25185CEB-3E60-46AF-BCEB-96219BA8F5D5}
		{B85BD6B7-1E12-4D95-AD8A-CA9D9AFA39DE} = {25185CEB-3E60-46AF-BCEB-96219BA8F5D5}
		{86C2965A-6A66-4D6C-B4C3-64EB39DD65A5} = {25185CEB-3E60-46AF-BCEB-96219BA8F5D5}
		{18D71D0B-C7CC-4690-96DC-D0DD7E24DAA4} = {25185CEB-3E60-46AF-BCEB-96219BA8F5D5}
		{602CB399-12E7-4DD2-ADB2-A8BFF6B541A4} = {25185CEB-3E60-46AF-BCEB-96219BA8F5D5}
		{F249267D-F9EA-4B74-94AF-DCD61F6933E9} = {9195FC17-0DA4-4F2F-A7E8-D46634857346}
		{B434DF7A-62C5-4AC7-A07F-7C782236F35A} = {9195FC17-0DA4-4F2F-A7E8-D46634857346}
		{E8153A70-BE0A-4B5A-A1A2-D12A331971F4} = {18D71D0B-C7CC-4690-96DC-D0DD7E24DAA4}
		{ED4C8404-2905-446F-926E-796A797F5985} = {602CB399-12E7-4DD2-ADB2-A8BFF6B541A4}
		{69159DF6-710B-47DD-ACDC-F22FCB82C28D} = {B85BD6B7-1E12-4D95-AD8A-CA9D9AFA39DE}
		{34ADD16D-E5E6-4416-8688-45606685E209} = {9195FC17-0DA4-4F2F-A7E8-D46634857346}
		{668D4504-69CF-4844-A44C-F71F2D6C4499} = {86C2965A-6A66-4D6C-B4C3-64EB39DD65A5}
		{F868DEFF-5A18-42DA-BAD6-FA0256C9231F} = {86C2965A-6A66-4D6C-B4C3-64EB39DD65A5}
		{F0304DED-C082-485D-BA79-71DCEB211496} = {86C2965A-6A66-4D6C-B4C3-64EB39DD65A5}
	EndGlobalSection
	GlobalSection(ExtensibilityGlobals) = postSolution
		SolutionGuid = {40E59C44-BE79-427F-814E-BA729444882E}
	EndGlobalSection
EndGlobal
